// !$*UTF8*$!
{
	archiveVersion = 1;
	classes = {
	};
	objectVersion = 50;
	objects = {

/* Begin PBXBuildFile section */
		2F15FDAB243C7EE000D8E53F /* AppDelegate.swift in Sources */ = {isa = PBXBuildFile; fileRef = 2F15FDAA243C7EE000D8E53F /* AppDelegate.swift */; };
		2F15FDAD243C7EE000D8E53F /* SceneDelegate.swift in Sources */ = {isa = PBXBuildFile; fileRef = 2F15FDAC243C7EE000D8E53F /* SceneDelegate.swift */; };
		2F15FDAF243C7EE000D8E53F /* ViewController.swift in Sources */ = {isa = PBXBuildFile; fileRef = 2F15FDAE243C7EE000D8E53F /* ViewController.swift */; };
		2F15FDB2243C7EE000D8E53F /* Main.storyboard in Resources */ = {isa = PBXBuildFile; fileRef = 2F15FDB0243C7EE000D8E53F /* Main.storyboard */; };
		2F15FDB4243C7EE200D8E53F /* Assets.xcassets in Resources */ = {isa = PBXBuildFile; fileRef = 2F15FDB3243C7EE200D8E53F /* Assets.xcassets */; };
		2F15FDB7243C7EE200D8E53F /* LaunchScreen.storyboard in Resources */ = {isa = PBXBuildFile; fileRef = 2F15FDB5243C7EE200D8E53F /* LaunchScreen.storyboard */; };
		2F15FDC2243C7EE200D8E53F /* TestTestsTests.swift in Sources */ = {isa = PBXBuildFile; fileRef = 2F15FDC1243C7EE200D8E53F /* TestTestsTests.swift */; };
/* End PBXBuildFile section */

/* Begin PBXContainerItemProxy section */
		2F15FDBE243C7EE200D8E53F /* PBXContainerItemProxy */ = {
			isa = PBXContainerItemProxy;
			containerPortal = 2F15FD9F243C7EE000D8E53F /* Project object */;
			proxyType = 1;
			remoteGlobalIDString = 2F15FDA6243C7EE000D8E53F;
			remoteInfo = TestTests;
		};
/* End PBXContainerItemProxy section */

/* Begin PBXFileReference section */
		2F15FDA7243C7EE000D8E53F /* TestTests.app */ = {isa = PBXFileReference; explicitFileType = wrapper.application; includeInIndex = 0; path = TestTests.app; sourceTree = BUILT_PRODUCTS_DIR; };
		2F15FDAA243C7EE000D8E53F /* AppDelegate.swift */ = {isa = PBXFileReference; lastKnownFileType = sourcecode.swift; path = AppDelegate.swift; sourceTree = "<group>"; };
		2F15FDAC243C7EE000D8E53F /* SceneDelegate.swift */ = {isa = PBXFileReference; lastKnownFileType = sourcecode.swift; path = SceneDelegate.swift; sourceTree = "<group>"; };
		2F15FDAE243C7EE000D8E53F /* ViewController.swift */ = {isa = PBXFileReference; lastKnownFileType = sourcecode.swift; path = ViewController.swift; sourceTree = "<group>"; };
		2F15FDB1243C7EE000D8E53F /* Base */ = {isa = PBXFileReference; lastKnownFileType = file.storyboard; name = Base; path = Base.lproj/Main.storyboard; sourceTree = "<group>"; };
		2F15FDB3243C7EE200D8E53F /* Assets.xcassets */ = {isa = PBXFileReference; lastKnownFileType = folder.assetcatalog; path = Assets.xcassets; sourceTree = "<group>"; };
		2F15FDB6243C7EE200D8E53F /* Base */ = {isa = PBXFileReference; lastKnownFileType = file.storyboard; name = Base; path = Base.lproj/LaunchScreen.storyboard; sourceTree = "<group>"; };
		2F15FDB8243C7EE200D8E53F /* Info.plist */ = {isa = PBXFileReference; lastKnownFileType = text.plist.xml; path = Info.plist; sourceTree = "<group>"; };
		2F15FDBD243C7EE200D8E53F /* TestTestsTests.xctest */ = {isa = PBXFileReference; explicitFileType = wrapper.cfbundle; includeInIndex = 0; path = TestTestsTests.xctest; sourceTree = BUILT_PRODUCTS_DIR; };
		2F15FDC1243C7EE200D8E53F /* TestTestsTests.swift */ = {isa = PBXFileReference; lastKnownFileType = sourcecode.swift; path = TestTestsTests.swift; sourceTree = "<group>"; };
		2F15FDC3243C7EE200D8E53F /* Info.plist */ = {isa = PBXFileReference; lastKnownFileType = text.plist.xml; path = Info.plist; sourceTree = "<group>"; };
/* End PBXFileReference section */

/* Begin PBXFrameworksBuildPhase section */
		2F15FDA4243C7EE000D8E53F /* Frameworks */ = {
			isa = PBXFrameworksBuildPhase;
			buildActionMask = 2147483647;
			files = (
			);
			runOnlyForDeploymentPostprocessing = 0;
		};
		2F15FDBA243C7EE200D8E53F /* Frameworks */ = {
			isa = PBXFrameworksBuildPhase;
			buildActionMask = 2147483647;
			files = (
			);
			runOnlyForDeploymentPostprocessing = 0;
		};
/* End PBXFrameworksBuildPhase section */

/* Begin PBXGroup section */
		2F15FD9E243C7EE000D8E53F = {
			isa = PBXGroup;
			children = (
				2F15FDA9243C7EE000D8E53F /* TestTests */,
				2F15FDC0243C7EE200D8E53F /* TestTestsTests */,
				2F15FDA8243C7EE000D8E53F /* Products */,
			);
			sourceTree = "<group>";
		};
		2F15FDA8243C7EE000D8E53F /* Products */ = {
			isa = PBXGroup;
			children = (
				2F15FDA7243C7EE000D8E53F /* TestTests.app */,
				2F15FDBD243C7EE200D8E53F /* TestTestsTests.xctest */,
			);
			name = Products;
			sourceTree = "<group>";
		};
		2F15FDA9243C7EE000D8E53F /* TestTests */ = {
			isa = PBXGroup;
			children = (
				2F15FDAA243C7EE000D8E53F /* AppDelegate.swift */,
				2F15FDAC243C7EE000D8E53F /* SceneDelegate.swift */,
				2F15FDAE243C7EE000D8E53F /* ViewController.swift */,
				2F15FDB0243C7EE000D8E53F /* Main.storyboard */,
				2F15FDB3243C7EE200D8E53F /* Assets.xcassets */,
				2F15FDB5243C7EE200D8E53F /* LaunchScreen.storyboard */,
				2F15FDB8243C7EE200D8E53F /* Info.plist */,
			);
			path = TestTests;
			sourceTree = "<group>";
		};
		2F15FDC0243C7EE200D8E53F /* TestTestsTests */ = {
			isa = PBXGroup;
			children = (
				2F15FDC1243C7EE200D8E53F /* TestTestsTests.swift */,
				2F15FDC3243C7EE200D8E53F /* Info.plist */,
			);
			path = TestTestsTests;
			sourceTree = "<group>";
		};
/* End PBXGroup section */

/* Begin PBXNativeTarget section */
		2F15FDA6243C7EE000D8E53F /* TestTests */ = {
			isa = PBXNativeTarget;
			buildConfigurationList = 2F15FDC6243C7EE200D8E53F /* Build configuration list for PBXNativeTarget "TestTests" */;
			buildPhases = (
				2F15FDA3243C7EE000D8E53F /* Sources */,
				2F15FDA4243C7EE000D8E53F /* Frameworks */,
				2F15FDA5243C7EE000D8E53F /* Resources */,
			);
			buildRules = (
			);
			dependencies = (
			);
			name = TestTests;
			productName = TestTests;
			productReference = 2F15FDA7243C7EE000D8E53F /* TestTests.app */;
			productType = "com.apple.product-type.application";
		};
		2F15FDBC243C7EE200D8E53F /* TestTestsTests */ = {
			isa = PBXNativeTarget;
			buildConfigurationList = 2F15FDC9243C7EE200D8E53F /* Build configuration list for PBXNativeTarget "TestTestsTests" */;
			buildPhases = (
				2F15FDB9243C7EE200D8E53F /* Sources */,
				2F15FDBA243C7EE200D8E53F /* Frameworks */,
				2F15FDBB243C7EE200D8E53F /* Resources */,
			);
			buildRules = (
			);
			dependencies = (
				2F15FDBF243C7EE200D8E53F /* PBXTargetDependency */,
			);
			name = TestTestsTests;
			productName = TestTestsTests;
			productReference = 2F15FDBD243C7EE200D8E53F /* TestTestsTests.xctest */;
			productType = "com.apple.product-type.bundle.unit-test";
		};
/* End PBXNativeTarget section */

/* Begin PBXProject section */
		2F15FD9F243C7EE000D8E53F /* Project object */ = {
			isa = PBXProject;
			attributes = {
				LastSwiftUpdateCheck = 1140;
				LastUpgradeCheck = 1140;
				ORGANIZATIONNAME = "Daren David Taylor";
				TargetAttributes = {
					2F15FDA6243C7EE000D8E53F = {
						CreatedOnToolsVersion = 11.4;
					};
					2F15FDBC243C7EE200D8E53F = {
						CreatedOnToolsVersion = 11.4;
						TestTargetID = 2F15FDA6243C7EE000D8E53F;
					};
				};
			};
			buildConfigurationList = 2F15FDA2243C7EE000D8E53F /* Build configuration list for PBXProject "TestTests" */;
			compatibilityVersion = "Xcode 9.3";
			developmentRegion = en;
			hasScannedForEncodings = 0;
			knownRegions = (
				en,
				Base,
			);
			mainGroup = 2F15FD9E243C7EE000D8E53F;
			productRefGroup = 2F15FDA8243C7EE000D8E53F /* Products */;
			projectDirPath = "";
			projectRoot = "";
			targets = (
				2F15FDA6243C7EE000D8E53F /* TestTests */,
				2F15FDBC243C7EE200D8E53F /* TestTestsTests */,
			);
		};
/* End PBXProject section */

/* Begin PBXResourcesBuildPhase section */
		2F15FDA5243C7EE000D8E53F /* Resources */ = {
			isa = PBXResourcesBuildPhase;
			buildActionMask = 2147483647;
			files = (
				2F15FDB7243C7EE200D8E53F /* LaunchScreen.storyboard in Resources */,
				2F15FDB4243C7EE200D8E53F /* Assets.xcassets in Resources */,
				2F15FDB2243C7EE000D8E53F /* Main.storyboard in Resources */,
			);
			runOnlyForDeploymentPostprocessing = 0;
		};
		2F15FDBB243C7EE200D8E53F /* Resources */ = {
			isa = PBXResourcesBuildPhase;
			buildActionMask = 2147483647;
			files = (
			);
			runOnlyForDeploymentPostprocessing = 0;
		};
/* End PBXResourcesBuildPhase section */

/* Begin PBXSourcesBuildPhase section */
		2F15FDA3243C7EE000D8E53F /* Sources */ = {
			isa = PBXSourcesBuildPhase;
			buildActionMask = 2147483647;
			files = (
				2F15FDAF243C7EE000D8E53F /* ViewController.swift in Sources */,
				2F15FDAB243C7EE000D8E53F /* AppDelegate.swift in Sources */,
				2F15FDAD243C7EE000D8E53F /* SceneDelegate.swift in Sources */,
			);
			runOnlyForDeploymentPostprocessing = 0;
		};
		2F15FDB9243C7EE200D8E53F /* Sources */ = {
			isa = PBXSourcesBuildPhase;
			buildActionMask = 2147483647;
			files = (
				2F15FDC2243C7EE200D8E53F /* TestTestsTests.swift in Sources */,
			);
			runOnlyForDeploymentPostprocessing = 0;
		};
/* End PBXSourcesBuildPhase section */

/* Begin PBXTargetDependency section */
		2F15FDBF243C7EE200D8E53F /* PBXTargetDependency */ = {
			isa = PBXTargetDependency;
			target = 2F15FDA6243C7EE000D8E53F /* TestTests */;
			targetProxy = 2F15FDBE243C7EE200D8E53F /* PBXContainerItemProxy */;
		};
/* End PBXTargetDependency section */

/* Begin PBXVariantGroup section */
		2F15FDB0243C7EE000D8E53F /* Main.storyboard */ = {
			isa = PBXVariantGroup;
			children = (
				2F15FDB1243C7EE000D8E53F /* Base */,
			);
			name = Main.storyboard;
			sourceTree = "<group>";
		};
		2F15FDB5243C7EE200D8E53F /* LaunchScreen.storyboard */ = {
			isa = PBXVariantGroup;
			children = (
				2F15FDB6243C7EE200D8E53F /* Base */,
			);
			name = LaunchScreen.storyboard;
			sourceTree = "<group>";
		};
/* End PBXVariantGroup section */

/* Begin XCBuildConfiguration section */
		2F15FDC4243C7EE200D8E53F /* Debug */ = {
			isa = XCBuildConfiguration;
			buildSettings = {
				ALWAYS_SEARCH_USER_PATHS = NO;
				CLANG_ANALYZER_NONNULL = YES;
				CLANG_ANALYZER_NUMBER_OBJECT_CONVERSION = YES_AGGRESSIVE;
				CLANG_CXX_LANGUAGE_STANDARD = "gnu++14";
				CLANG_CXX_LIBRARY = "libc++";
				CLANG_ENABLE_MODULES = YES;
				CLANG_ENABLE_OBJC_ARC = YES;
				CLANG_ENABLE_OBJC_WEAK = YES;
				CLANG_WARN_BLOCK_CAPTURE_AUTORELEASING = YES;
				CLANG_WARN_BOOL_CONVERSION = YES;
				CLANG_WARN_COMMA = YES;
				CLANG_WARN_CONSTANT_CONVERSION = YES;
				CLANG_WARN_DEPRECATED_OBJC_IMPLEMENTATIONS = YES;
				CLANG_WARN_DIRECT_OBJC_ISA_USAGE = YES_ERROR;
				CLANG_WARN_DOCUMENTATION_COMMENTS = YES;
				CLANG_WARN_EMPTY_BODY = YES;
				CLANG_WARN_ENUM_CONVERSION = YES;
				CLANG_WARN_INFINITE_RECURSION = YES;
				CLANG_WARN_INT_CONVERSION = YES;
				CLANG_WARN_NON_LITERAL_NULL_CONVERSION = YES;
				CLANG_WARN_OBJC_IMPLICIT_RETAIN_SELF = YES;
				CLANG_WARN_OBJC_LITERAL_CONVERSION = YES;
				CLANG_WARN_OBJC_ROOT_CLASS = YES_ERROR;
				CLANG_WARN_RANGE_LOOP_ANALYSIS = YES;
				CLANG_WARN_STRICT_PROTOTYPES = YES;
				CLANG_WARN_SUSPICIOUS_MOVE = YES;
				CLANG_WARN_UNGUARDED_AVAILABILITY = YES_AGGRESSIVE;
				CLANG_WARN_UNREACHABLE_CODE = YES;
				CLANG_WARN__DUPLICATE_METHOD_MATCH = YES;
				COPY_PHASE_STRIP = NO;
				DEBUG_INFORMATION_FORMAT = dwarf;
				ENABLE_STRICT_OBJC_MSGSEND = YES;
				ENABLE_TESTABILITY = YES;
				GCC_C_LANGUAGE_STANDARD = gnu11;
				GCC_DYNAMIC_NO_PIC = NO;
				GCC_NO_COMMON_BLOCKS = YES;
				GCC_OPTIMIZATION_LEVEL = 0;
				GCC_PREPROCESSOR_DEFINITIONS = (
					"DEBUG=1",
					"$(inherited)",
				);
				GCC_WARN_64_TO_32_BIT_CONVERSION = YES;
				GCC_WARN_ABOUT_RETURN_TYPE = YES_ERROR;
				GCC_WARN_UNDECLARED_SELECTOR = YES;
				GCC_WARN_UNINITIALIZED_AUTOS = YES_AGGRESSIVE;
				GCC_WARN_UNUSED_FUNCTION = YES;
				GCC_WARN_UNUSED_VARIABLE = YES;
				IPHONEOS_DEPLOYMENT_TARGET = 13.4;
				MTL_ENABLE_DEBUG_INFO = INCLUDE_SOURCE;
				MTL_FAST_MATH = YES;
				ONLY_ACTIVE_ARCH = YES;
				SDKROOT = iphoneos;
				SWIFT_ACTIVE_COMPILATION_CONDITIONS = DEBUG;
				SWIFT_OPTIMIZATION_LEVEL = "-Onone";
			};
			name = Debug;
		};
		2F15FDC5243C7EE200D8E53F /* Release */ = {
			isa = XCBuildConfiguration;
			buildSettings = {
				ALWAYS_SEARCH_USER_PATHS = NO;
				CLANG_ANALYZER_NONNULL = YES;
				CLANG_ANALYZER_NUMBER_OBJECT_CONVERSION = YES_AGGRESSIVE;
				CLANG_CXX_LANGUAGE_STANDARD = "gnu++14";
				CLANG_CXX_LIBRARY = "libc++";
				CLANG_ENABLE_MODULES = YES;
				CLANG_ENABLE_OBJC_ARC = YES;
				CLANG_ENABLE_OBJC_WEAK = YES;
				CLANG_WARN_BLOCK_CAPTURE_AUTORELEASING = YES;
				CLANG_WARN_BOOL_CONVERSION = YES;
				CLANG_WARN_COMMA = YES;
				CLANG_WARN_CONSTANT_CONVERSION = YES;
				CLANG_WARN_DEPRECATED_OBJC_IMPLEMENTATIONS = YES;
				CLANG_WARN_DIRECT_OBJC_ISA_USAGE = YES_ERROR;
				CLANG_WARN_DOCUMENTATION_COMMENTS = YES;
				CLANG_WARN_EMPTY_BODY = YES;
				CLANG_WARN_ENUM_CONVERSION = YES;
				CLANG_WARN_INFINITE_RECURSION = YES;
				CLANG_WARN_INT_CONVERSION = YES;
				CLANG_WARN_NON_LITERAL_NULL_CONVERSION = YES;
				CLANG_WARN_OBJC_IMPLICIT_RETAIN_SELF = YES;
				CLANG_WARN_OBJC_LITERAL_CONVERSION = YES;
				CLANG_WARN_OBJC_ROOT_CLASS = YES_ERROR;
				CLANG_WARN_RANGE_LOOP_ANALYSIS = YES;
				CLANG_WARN_STRICT_PROTOTYPES = YES;
				CLANG_WARN_SUSPICIOUS_MOVE = YES;
				CLANG_WARN_UNGUARDED_AVAILABILITY = YES_AGGRESSIVE;
				CLANG_WARN_UNREACHABLE_CODE = YES;
				CLANG_WARN__DUPLICATE_METHOD_MATCH = YES;
				COPY_PHASE_STRIP = NO;
				DEBUG_INFORMATION_FORMAT = "dwarf-with-dsym";
				ENABLE_NS_ASSERTIONS = NO;
				ENABLE_STRICT_OBJC_MSGSEND = YES;
				GCC_C_LANGUAGE_STANDARD = gnu11;
				GCC_NO_COMMON_BLOCKS = YES;
				GCC_WARN_64_TO_32_BIT_CONVERSION = YES;
				GCC_WARN_ABOUT_RETURN_TYPE = YES_ERROR;
				GCC_WARN_UNDECLARED_SELECTOR = YES;
				GCC_WARN_UNINITIALIZED_AUTOS = YES_AGGRESSIVE;
				GCC_WARN_UNUSED_FUNCTION = YES;
				GCC_WARN_UNUSED_VARIABLE = YES;
				IPHONEOS_DEPLOYMENT_TARGET = 13.4;
				MTL_ENABLE_DEBUG_INFO = NO;
				MTL_FAST_MATH = YES;
				SDKROOT = iphoneos;
				SWIFT_COMPILATION_MODE = wholemodule;
				SWIFT_OPTIMIZATION_LEVEL = "-O";
				VALIDATE_PRODUCT = YES;
			};
			name = Release;
		};
		2F15FDC7243C7EE200D8E53F /* Debug */ = {
			isa = XCBuildConfiguration;
			buildSettings = {
				ASSETCATALOG_COMPILER_APPICON_NAME = AppIcon;
				CODE_SIGN_STYLE = Automatic;
				DEVELOPMENT_TEAM = 3U786KR73N;
				INFOPLIST_FILE = TestTests/Info.plist;
				LD_RUNPATH_SEARCH_PATHS = (
					"$(inherited)",
					"@executable_path/Frameworks",
				);
				PRODUCT_BUNDLE_IDENTIFIER = com.ddt.TestTests;
				PRODUCT_NAME = "$(TARGET_NAME)";
				SWIFT_VERSION = 5.0;
				TARGETED_DEVICE_FAMILY = "1,2";
			};
			name = Debug;
		};
		2F15FDC8243C7EE200D8E53F /* Release */ = {
			isa = XCBuildConfiguration;
			buildSettings = {
				ASSETCATALOG_COMPILER_APPICON_NAME = AppIcon;
				CODE_SIGN_STYLE = Automatic;
				DEVELOPMENT_TEAM = 3U786KR73N;
				INFOPLIST_FILE = TestTests/Info.plist;
				LD_RUNPATH_SEARCH_PATHS = (
					"$(inherited)",
					"@executable_path/Frameworks",
				);
				PRODUCT_BUNDLE_IDENTIFIER = com.ddt.TestTests;
				PRODUCT_NAME = "$(TARGET_NAME)";
				SWIFT_VERSION = 5.0;
				TARGETED_DEVICE_FAMILY = "1,2";
			};
			name = Release;
		};
		2F15FDCA243C7EE200D8E53F /* Debug */ = {
			isa = XCBuildConfiguration;
			buildSettings = {
				ALWAYS_EMBED_SWIFT_STANDARD_LIBRARIES = YES;
				BUNDLE_LOADER = "$(TEST_HOST)";
				CODE_SIGN_STYLE = Automatic;
				DEVELOPMENT_TEAM = 3U786KR73N;
				INFOPLIST_FILE = TestTestsTests/Info.plist;
				IPHONEOS_DEPLOYMENT_TARGET = 13.4;
				LD_RUNPATH_SEARCH_PATHS = (
					"$(inherited)",
					"@executable_path/Frameworks",
					"@loader_path/Frameworks",
				);
				PRODUCT_BUNDLE_IDENTIFIER = com.ddt.TestTestsTests;
				PRODUCT_NAME = "$(TARGET_NAME)";
				SWIFT_VERSION = 5.0;
				TARGETED_DEVICE_FAMILY = "1,2";
				TEST_HOST = "$(BUILT_PRODUCTS_DIR)/TestTests.app/TestTests";
			};
			name = Debug;
		};
		2F15FDCB243C7EE200D8E53F /* Release */ = {
			isa = XCBuildConfiguration;
			buildSettings = {
				ALWAYS_EMBED_SWIFT_STANDARD_LIBRARIES = YES;
				BUNDLE_LOADER = "$(TEST_HOST)";
				CODE_SIGN_STYLE = Automatic;
				DEVELOPMENT_TEAM = 3U786KR73N;
				INFOPLIST_FILE = TestTestsTests/Info.plist;
				IPHONEOS_DEPLOYMENT_TARGET = 13.4;
				LD_RUNPATH_SEARCH_PATHS = (
					"$(inherited)",
					"@executable_path/Frameworks",
					"@loader_path/Frameworks",
				);
				PRODUCT_BUNDLE_IDENTIFIER = com.ddt.TestTestsTests;
				PRODUCT_NAME = "$(TARGET_NAME)";
				SWIFT_VERSION = 5.0;
				TARGETED_DEVICE_FAMILY = "1,2";
				TEST_HOST = "$(BUILT_PRODUCTS_DIR)/TestTests.app/TestTests";
			};
			name = Release;
		};
/* End XCBuildConfiguration section */

/* Begin XCConfigurationList section */
		2F15FDA2243C7EE000D8E53F /* Build configuration list for PBXProject "TestTests" */ = {
			isa = XCConfigurationList;
			buildConfigurations = (
				2F15FDC4243C7EE200D8E53F /* Debug */,
				2F15FDC5243C7EE200D8E53F /* Release */,
			);
			defaultConfigurationIsVisible = 0;
			defaultConfigurationName = Release;
		};
		2F15FDC6243C7EE200D8E53F /* Build configuration list for PBXNativeTarget "TestTests" */ = {
			isa = XCConfigurationList;
			buildConfigurations = (
				2F15FDC7243C7EE200D8E53F /* Debug */,
				2F15FDC8243C7EE200D8E53F /* Release */,
			);
			defaultConfigurationIsVisible = 0;
			defaultConfigurationName = Release;
		};
		2F15FDC9243C7EE200D8E53F /* Build configuration list for PBXNativeTarget "TestTestsTests" */ = {
			isa = XCConfigurationList;
			buildConfigurations = (
				2F15FDCA243C7EE200D8E53F /* Debug */,
				2F15FDCB243C7EE200D8E53F /* Release */,
			);
			defaultConfigurationIsVisible = 0;
			defaultConfigurationName = Release;
		};
/* End XCConfigurationList section */
	};
	rootObject = 2F15FD9F243C7EE000D8E53F /* Project object */;
}
